
Microsoft Visual Studio Solution File, Format Version 11.00
# Visual Studio 2010
Project("{FAE04EC0-301F-11D3-BF4B-00C04F79EFBC}") = "Assembly-CSharp", "Assembly-CSharp.csproj", "{1AC3CF91-6727-B717-2909-155FEA47D0A8}"
EndProject
Project("{FAE04EC0-301F-11D3-BF4B-00C04F79EFBC}") = "Assembly-CSharp-Editor", "Assembly-CSharp-Editor.csproj", "{DDB77DFF-44A5-9CAC-0D89-4DBFABE1A7A4}"
EndProject
Global
	GlobalSection(SolutionConfigurationPlatforms) = preSolution
		Debug|Any CPU = Debug|Any CPU
		Release|Any CPU = Release|Any CPU
	EndGlobalSection
	GlobalSection(ProjectConfigurationPlatforms) = postSolution
		{1AC3CF91-6727-B717-2909-155FEA47D0A8}.Debug|Any CPU.ActiveCfg = Debug|Any CPU
		{1AC3CF91-6727-B717-2909-155FEA47D0A8}.Debug|Any CPU.Build.0 = Debug|Any CPU
		{1AC3CF91-6727-B717-2909-155FEA47D0A8}.Release|Any CPU.ActiveCfg = Release|Any CPU
		{1AC3CF91-6727-B717-2909-155FEA47D0A8}.Release|Any CPU.Build.0 = Release|Any CPU
		{DDB77DFF-44A5-9CAC-0D89-4DBFABE1A7A4}.Debug|Any CPU.ActiveCfg = Debug|Any CPU
		{DDB77DFF-44A5-9CAC-0D89-4DBFABE1A7A4}.Debug|Any CPU.Build.0 = Debug|Any CPU
		{DDB77DFF-44A5-9CAC-0D89-4DBFABE1A7A4}.Release|Any CPU.ActiveCfg = Release|Any CPU
		{DDB77DFF-44A5-9CAC-0D89-4DBFABE1A7A4}.Release|Any CPU.Build.0 = Release|Any CPU
	EndGlobalSection
	GlobalSection(SolutionProperties) = preSolution
		HideSolutionNode = FALSE
	EndGlobalSection
EndGlobal
